{
	"name": "jif-dashboard",
	"version": "1.3.6",
	"lockfileVersion": 1,
	"requires": true,
	"dependencies": {
		"desandro-matches-selector": {
			"version": "2.0.2",
			"resolved": "https://registry.npmjs.org/desandro-matches-selector/-/desandro-matches-selector-2.0.2.tgz",
			"integrity": "sha1-cXvu1NwT59jzdi9wem1YpndCGOE="
		},
		"draggabilly": {
			"version": "2.3.0",
			"resolved": "https://registry.npmjs.org/draggabilly/-/draggabilly-2.3.0.tgz",
			"integrity": "sha512-gSsHrIE3rYK9fhK2vQC83t2YsbKbAHQkLsxsXw9TI3LUziq8EZXjX8g7eaf/NlrtWTFqgz7FmP/kdIvLjt64wA==",
			"requires": {
				"get-size": "^2.0.2",
				"unidragger": "^2.3.0"
			}
		},
		"ev-emitter": {
			"version": "1.1.1",
			"resolved": "https://registry.npmjs.org/ev-emitter/-/ev-emitter-1.1.1.tgz",
			"integrity": "sha512-ipiDYhdQSCZ4hSbX4rMW+XzNKMD1prg/sTvoVmSLkuQ1MVlwjJQQA+sW8tMYR3BLUr9KjodFV4pvzunvRhd33Q=="
		},
		"fizzy-ui-utils": {
			"version": "2.0.7",
			"resolved": "https://registry.npmjs.org/fizzy-ui-utils/-/fizzy-ui-utils-2.0.7.tgz",
			"integrity": "sha512-CZXDVXQ1If3/r8s0T+v+qVeMshhfcuq0rqIFgJnrtd+Bu8GmDmqMjntjUePypVtjHXKJ6V4sw9zeyox34n9aCg==",
			"requires": {
				"desandro-matches-selector": "^2.0.0"
			}
		},
		"get-size": {
			"version": "2.0.3",
			"resolved": "https://registry.npmjs.org/get-size/-/get-size-2.0.3.tgz",
			"integrity": "sha512-lXNzT/h/dTjTxRbm9BXb+SGxxzkm97h/PCIKtlN/CBCxxmkkIVV21udumMS93MuVTDX583gqc94v3RjuHmI+2Q=="
		},
		"outlayer": {
			"version": "2.1.1",
			"resolved": "https://registry.npmjs.org/outlayer/-/outlayer-2.1.1.tgz",
			"integrity": "sha1-KYY7beEOpdrf/8rfoNcokHOH6aI=",
			"requires": {
				"ev-emitter": "^1.0.0",
				"fizzy-ui-utils": "^2.0.0",
				"get-size": "^2.0.2"
			}
		},
		"packery": {
			"version": "2.1.2",
			"resolved": "https://registry.npmjs.org/packery/-/packery-2.1.2.tgz",
			"integrity": "sha512-Coc+8Atz03c0iu1RK0PZIJMKcKrE4i9Z8UBBywqz7Dhy40mMPM5wMQfqO9P2eqFP+lxKjGMTHgRAwjBQc+AQ5w==",
			"requires": {
				"get-size": "^2.0.2",
				"outlayer": "^2.0.0"
			}
		},
		"underscore": {
			"version": "1.10.2",
			"resolved": "https://registry.npmjs.org/underscore/-/underscore-1.10.2.tgz",
			"integrity": "sha512-N4P+Q/BuyuEKFJ43B9gYuOj4TQUHXX+j2FqguVOpjkssLUUrnJofCcBccJSCoeturDoZU6GorDTHSvUDlSQbTg=="
		},
		"unidragger": {
			"version": "2.3.1",
			"resolved": "https://registry.npmjs.org/unidragger/-/unidragger-2.3.1.tgz",
			"integrity": "sha512-u+IgG7AG0MXJTKcdzAIYxCm+W5FcnA9M28203Awl6jIcE3/+9OtEyUX4Wv64y7XNKEVRKPot52IV4V6x7FlF5Q==",
			"requires": {
				"unipointer": "^2.3.0"
			}
		},
		"unipointer": {
			"version": "2.3.0",
			"resolved": "https://registry.npmjs.org/unipointer/-/unipointer-2.3.0.tgz",
			"integrity": "sha512-m85sAoELCZhogI1owtJV3Dva7GxkHk2lI7A0otw3o0OwCuC/Q9gi7ehddigEYIAYbhkqNdri+dU1QQkrcBvirQ==",
			"requires": {
				"ev-emitter": "^1.0.1"
			}
		}
	}
}
